
Microsoft Visual Studio Solution File, Format Version 12.00
# Visual Studio Version 17
VisualStudioVersion = 17.3.32825.248
MinimumVisualStudioVersion = 10.0.40219.1
Project("{FAE04EC0-301F-11D3-BF4B-00C04F79EFBC}") = "ConectaCuatro", "ConectaCuatro\ConectaCuatro.csproj", "{C71C6E0F-2E4C-43B7-9F41-B38D9431BD30}"
EndProject
Global
	GlobalSection(SolutionConfigurationPlatforms) = preSolution
		Debug|Any CPU = Debug|Any CPU
		Release|Any CPU = Release|Any CPU
	EndGlobalSection
	GlobalSection(ProjectConfigurationPlatforms) = postSolution
		{C71C6E0F-2E4C-43B7-9F41-B38D9431BD30}.Debug|Any CPU.ActiveCfg = Debug|Any CPU
		{C71C6E0F-2E4C-43B7-9F41-B38D9431BD30}.Debug|Any CPU.Build.0 = Debug|Any CPU
		{C71C6E0F-2E4C-43B7-9F41-B38D9431BD30}.Release|Any CPU.ActiveCfg = Release|Any CPU
		{C71C6E0F-2E4C-43B7-9F41-B38D9431BD30}.Release|Any CPU.Build.0 = Release|Any CPU
	EndGlobalSection
	GlobalSection(SolutionProperties) = preSolution
		HideSolutionNode = FALSE
	EndGlobalSection
	GlobalSection(ExtensibilityGlobals) = postSolution
		SolutionGuid = {97D2A179-D071-4C66-BB41-16DCB819441F}
	EndGlobalSection
EndGlobal
